
Microsoft Visual Studio Solution File, Format Version 12.00
# Visual Studio 15
VisualStudioVersion = 15.0.28307.136
MinimumVisualStudioVersion = 10.0.40219.1
Project("{FAE04EC0-301F-11D3-BF4B-00C04F79EFBC}") = "Delegate", "Delegate\Delegate.csproj", "{FBBD784F-F764-4FA9-957E-03664386A6F3}"
EndProject
Global
	GlobalSection(SolutionConfigurationPlatforms) = preSolution
		Debug|Any CPU = Debug|Any CPU
		Release|Any CPU = Release|Any CPU
	EndGlobalSection
	GlobalSection(ProjectConfigurationPlatforms) = postSolution
		{FBBD784F-F764-4FA9-957E-03664386A6F3}.Debug|Any CPU.ActiveCfg = Debug|Any CPU
		{FBBD784F-F764-4FA9-957E-03664386A6F3}.Debug|Any CPU.Build.0 = Debug|Any CPU
		{FBBD784F-F764-4FA9-957E-03664386A6F3}.Release|Any CPU.ActiveCfg = Release|Any CPU
		{FBBD784F-F764-4FA9-957E-03664386A6F3}.Release|Any CPU.Build.0 = Release|Any CPU
	EndGlobalSection
	GlobalSection(SolutionProperties) = preSolution
		HideSolutionNode = FALSE
	EndGlobalSection
	GlobalSection(ExtensibilityGlobals) = postSolution
		SolutionGuid = {27695814-E8D1-465F-8B82-42F46CA1C557}
	EndGlobalSection
EndGlobal
